
Microsoft Visual Studio Solution File, Format Version 12.00
# Visual Studio Version 16
VisualStudioVersion = 16.0.31515.178
MinimumVisualStudioVersion = 10.0.40219.1
Project("{8BC9CEB8-8B4A-11D0-8D11-00A0C91BC942}") = "ImageTool", "ImageTool\ImageTool.vcxproj", "{151ECA9F-0FAD-44A2-9FFC-F22E69301936}"
EndProject
Project("{8BC9CEB8-8B4A-11D0-8D11-00A0C91BC942}") = "ImguiLibrary", "ImguiLibrary\ImguiLibrary.vcxproj", "{38CE465F-80AB-42B9-8C58-E76EEB239456}"
EndProject
Global
	GlobalSection(SolutionConfigurationPlatforms) = preSolution
		Debug|x64 = Debug|x64
		Debug|x86 = Debug|x86
		Release|x64 = Release|x64
		Release|x86 = Release|x86
	EndGlobalSection
	GlobalSection(ProjectConfigurationPlatforms) = postSolution
		{151ECA9F-0FAD-44A2-9FFC-F22E69301936}.Debug|x64.ActiveCfg = Debug|x64
		{151ECA9F-0FAD-44A2-9FFC-F22E69301936}.Debug|x64.Build.0 = Debug|x64
		{151ECA9F-0FAD-44A2-9FFC-F22E69301936}.Debug|x86.ActiveCfg = Debug|Win32
		{151ECA9F-0FAD-44A2-9FFC-F22E69301936}.Debug|x86.Build.0 = Debug|Win32
		{151ECA9F-0FAD-44A2-9FFC-F22E69301936}.Release|x64.ActiveCfg = Release|x64
		{151ECA9F-0FAD-44A2-9FFC-F22E69301936}.Release|x64.Build.0 = Release|x64
		{151ECA9F-0FAD-44A2-9FFC-F22E69301936}.Release|x86.ActiveCfg = Release|Win32
		{151ECA9F-0FAD-44A2-9FFC-F22E69301936}.Release|x86.Build.0 = Release|Win32
		{38CE465F-80AB-42B9-8C58-E76EEB239456}.Debug|x64.ActiveCfg = Debug|x64
		{38CE465F-80AB-42B9-8C58-E76EEB239456}.Debug|x64.Build.0 = Debug|x64
		{38CE465F-80AB-42B9-8C58-E76EEB239456}.Debug|x86.ActiveCfg = Debug|Win32
		{38CE465F-80AB-42B9-8C58-E76EEB239456}.Debug|x86.Build.0 = Debug|Win32
		{38CE465F-80AB-42B9-8C58-E76EEB239456}.Release|x64.ActiveCfg = Release|x64
		{38CE465F-80AB-42B9-8C58-E76EEB239456}.Release|x64.Build.0 = Release|x64
		{38CE465F-80AB-42B9-8C58-E76EEB239456}.Release|x86.ActiveCfg = Release|Win32
		{38CE465F-80AB-42B9-8C58-E76EEB239456}.Release|x86.Build.0 = Release|Win32
	EndGlobalSection
	GlobalSection(SolutionProperties) = preSolution
		HideSolutionNode = FALSE
	EndGlobalSection
	GlobalSection(ExtensibilityGlobals) = postSolution
		SolutionGuid = {8F5023ED-1F70-41E2-A5EF-513523FCCD2F}
	EndGlobalSection
EndGlobal
